
Microsoft Visual Studio Solution File, Format Version 12.00
# Visual Studio 15
VisualStudioVersion = 15.0.28307.421
MinimumVisualStudioVersion = 10.0.40219.1
Project("{FAE04EC0-301F-11D3-BF4B-00C04F79EFBC}") = "BancoFluentBuilder", "BancoFluentBuilder\BancoFluentBuilder.csproj", "{23AC4CCF-3D16-4EB7-9D51-3D96E19FCCD2}"
EndProject
Project("{FAE04EC0-301F-11D3-BF4B-00C04F79EFBC}") = "WindowsFormsApp1", "WindowsFormsApp1\WindowsFormsApp1.csproj", "{0BBA68CC-15E9-4D8C-9BA7-418F538F0025}"
EndProject
Global
	GlobalSection(SolutionConfigurationPlatforms) = preSolution
		Debug|Any CPU = Debug|Any CPU
		Release|Any CPU = Release|Any CPU
	EndGlobalSection
	GlobalSection(ProjectConfigurationPlatforms) = postSolution
		{23AC4CCF-3D16-4EB7-9D51-3D96E19FCCD2}.Debug|Any CPU.ActiveCfg = Debug|Any CPU
		{23AC4CCF-3D16-4EB7-9D51-3D96E19FCCD2}.Debug|Any CPU.Build.0 = Debug|Any CPU
		{23AC4CCF-3D16-4EB7-9D51-3D96E19FCCD2}.Release|Any CPU.ActiveCfg = Release|Any CPU
		{23AC4CCF-3D16-4EB7-9D51-3D96E19FCCD2}.Release|Any CPU.Build.0 = Release|Any CPU
		{0BBA68CC-15E9-4D8C-9BA7-418F538F0025}.Debug|Any CPU.ActiveCfg = Debug|Any CPU
		{0BBA68CC-15E9-4D8C-9BA7-418F538F0025}.Debug|Any CPU.Build.0 = Debug|Any CPU
		{0BBA68CC-15E9-4D8C-9BA7-418F538F0025}.Release|Any CPU.ActiveCfg = Release|Any CPU
		{0BBA68CC-15E9-4D8C-9BA7-418F538F0025}.Release|Any CPU.Build.0 = Release|Any CPU
	EndGlobalSection
	GlobalSection(SolutionProperties) = preSolution
		HideSolutionNode = FALSE
	EndGlobalSection
	GlobalSection(ExtensibilityGlobals) = postSolution
		SolutionGuid = {36954DCE-91E2-4FC9-B1E6-FC82AF244C89}
	EndGlobalSection
EndGlobal
